# This file is automatically @generated by Poetry 1.7.1 and should not be changed by hand.

[[package]]
name = "accessify"
version = "0.3.1"
description = "Python design kit: interfaces, declared exception throws, class members accessibility levels (private and protected methods for humans)."
optional = false
python-versions = "*"
files = [
    {file = "accessify-0.3.1.tar.gz", hash = "sha256:471905fd15e128c51e37b240804bb2e44f0be887ba105cacf90ef6725b26278a"},
]

[metadata]
lock-version = "2.0"
python-versions = "^3.10"
content-hash = "91ade13e65e2052a1ed7d49d70ee7b95071b4c12f90f457f8f4573ad0cc73d66"
